// !$*UTF8*$!
{
	archiveVersion = 1;
	classes = {
	};
	objectVersion = 48;
	objects = {

/* Begin PBXBuildFile section */
		244C26A3700E30E0C3153AD8 /* Pods_SpeedMeter.framework in Frameworks */ = {isa = PBXBuildFile; fileRef = BDA8FAE130078CF3859C334F /* Pods_SpeedMeter.framework */; };
		D94084D720BF06BC00497DDE /* CNPPopupController.m in Sources */ = {isa = PBXBuildFile; fileRef = D94084D520BF06BC00497DDE /* CNPPopupController.m */; };
		D949BAC320C18A6900DA0CC9 /* SpeedManager.swift in Sources */ = {isa = PBXBuildFile; fileRef = D949BAC220C18A6900DA0CC9 /* SpeedManager.swift */; };
		D98EFC5E20BDD7A200E35161 /* AppDelegate.swift in Sources */ = {isa = PBXBuildFile; fileRef = D98EFC5D20BDD7A200E35161 /* AppDelegate.swift */; };
		D98EFC6020BDD7A200E35161 /* ViewController.swift in Sources */ = {isa = PBXBuildFile; fileRef = D98EFC5F20BDD7A200E35161 /* ViewController.swift */; };
		D98EFC6320BDD7A200E35161 /* Main.storyboard in Resources */ = {isa = PBXBuildFile; fileRef = D98EFC6120BDD7A200E35161 /* Main.storyboard */; };
		D98EFC6520BDD7A200E35161 /* Assets.xcassets in Resources */ = {isa = PBXBuildFile; fileRef = D98EFC6420BDD7A200E35161 /* Assets.xcassets */; };
		D98EFC6820BDD7A200E35161 /* LaunchScreen.storyboard in Resources */ = {isa = PBXBuildFile; fileRef = D98EFC6620BDD7A200E35161 /* LaunchScreen.storyboard */; };
		D9F94CBF20C1339C00EC3EDC /* PinJump.json in Resources */ = {isa = PBXBuildFile; fileRef = D9F94CBE20C1339C00EC3EDC /* PinJump.json */; };
/* End PBXBuildFile section */

/* Begin PBXFileReference section */
		29F04C6C41EB4C1812321F07 /* Pods-SpeedMeter.release.xcconfig */ = {isa = PBXFileReference; includeInIndex = 1; lastKnownFileType = text.xcconfig; name = "Pods-SpeedMeter.release.xcconfig"; path = "Pods/Target Support Files/Pods-SpeedMeter/Pods-SpeedMeter.release.xcconfig"; sourceTree = "<group>"; };
		BDA8FAE130078CF3859C334F /* Pods_SpeedMeter.framework */ = {isa = PBXFileReference; explicitFileType = wrapper.framework; includeInIndex = 0; path = Pods_SpeedMeter.framework; sourceTree = BUILT_PRODUCTS_DIR; };
		D94084D420BF06BB00497DDE /* SpeedMeter-Bridging-Header.h */ = {isa = PBXFileReference; lastKnownFileType = sourcecode.c.h; path = "SpeedMeter-Bridging-Header.h"; sourceTree = "<group>"; };
		D94084D520BF06BC00497DDE /* CNPPopupController.m */ = {isa = PBXFileReference; fileEncoding = 4; lastKnownFileType = sourcecode.c.objc; path = CNPPopupController.m; sourceTree = "<group>"; };
		D94084D620BF06BC00497DDE /* CNPPopupController.h */ = {isa = PBXFileReference; fileEncoding = 4; lastKnownFileType = sourcecode.c.h; path = CNPPopupController.h; sourceTree = "<group>"; };
		D949BAC220C18A6900DA0CC9 /* SpeedManager.swift */ = {isa = PBXFileReference; lastKnownFileType = sourcecode.swift; path = SpeedManager.swift; sourceTree = "<group>"; };
		D98EFC5A20BDD7A200E35161 /* SpeedMeter.app */ = {isa = PBXFileReference; explicitFileType = wrapper.application; includeInIndex = 0; path = SpeedMeter.app; sourceTree = BUILT_PRODUCTS_DIR; };
		D98EFC5D20BDD7A200E35161 /* AppDelegate.swift */ = {isa = PBXFileReference; lastKnownFileType = sourcecode.swift; path = AppDelegate.swift; sourceTree = "<group>"; };
		D98EFC5F20BDD7A200E35161 /* ViewController.swift */ = {isa = PBXFileReference; lastKnownFileType = sourcecode.swift; path = ViewController.swift; sourceTree = "<group>"; };
		D98EFC6220BDD7A200E35161 /* Base */ = {isa = PBXFileReference; lastKnownFileType = file.storyboard; name = Base; path = Base.lproj/Main.storyboard; sourceTree = "<group>"; };
		D98EFC6420BDD7A200E35161 /* Assets.xcassets */ = {isa = PBXFileReference; lastKnownFileType = folder.assetcatalog; path = Assets.xcassets; sourceTree = "<group>"; };
		D98EFC6720BDD7A200E35161 /* Base */ = {isa = PBXFileReference; lastKnownFileType = file.storyboard; name = Base; path = Base.lproj/LaunchScreen.storyboard; sourceTree = "<group>"; };
		D98EFC6920BDD7A200E35161 /* Info.plist */ = {isa = PBXFileReference; lastKnownFileType = text.plist.xml; path = Info.plist; sourceTree = "<group>"; };
		D9F94CBE20C1339C00EC3EDC /* PinJump.json */ = {isa = PBXFileReference; fileEncoding = 4; lastKnownFileType = text.json; path = PinJump.json; sourceTree = "<group>"; };
		DBE8EC9BB80403FAC2CA4ECC /* Pods-SpeedMeter.debug.xcconfig */ = {isa = PBXFileReference; includeInIndex = 1; lastKnownFileType = text.xcconfig; name = "Pods-SpeedMeter.debug.xcconfig"; path = "Pods/Target Support Files/Pods-SpeedMeter/Pods-SpeedMeter.debug.xcconfig"; sourceTree = "<group>"; };
/* End PBXFileReference section */

/* Begin PBXFrameworksBuildPhase section */
		D98EFC5720BDD7A200E35161 /* Frameworks */ = {
			isa = PBXFrameworksBuildPhase;
			buildActionMask = 2147483647;
			files = (
				244C26A3700E30E0C3153AD8 /* Pods_SpeedMeter.framework in Frameworks */,
			);
			runOnlyForDeploymentPostprocessing = 0;
		};
/* End PBXFrameworksBuildPhase section */

/* Begin PBXGroup section */
		C8997F3F17BEEA26D12E972F /* Pods */ = {
			isa = PBXGroup;
			children = (
				DBE8EC9BB80403FAC2CA4ECC /* Pods-SpeedMeter.debug.xcconfig */,
				29F04C6C41EB4C1812321F07 /* Pods-SpeedMeter.release.xcconfig */,
			);
			name = Pods;
			sourceTree = "<group>";
		};
		D94084CF20BF049A00497DDE /* Controller */ = {
			isa = PBXGroup;
			children = (
				D98EFC5F20BDD7A200E35161 /* ViewController.swift */,
			);
			path = Controller;
			sourceTree = "<group>";
		};
		D94084D320BF066300497DDE /* CNPPopupController */ = {
			isa = PBXGroup;
			children = (
				D94084D620BF06BC00497DDE /* CNPPopupController.h */,
				D94084D520BF06BC00497DDE /* CNPPopupController.m */,
				D94084D420BF06BB00497DDE /* SpeedMeter-Bridging-Header.h */,
			);
			path = CNPPopupController;
			sourceTree = "<group>";
		};
		D98EFC5120BDD7A200E35161 = {
			isa = PBXGroup;
			children = (
				D94084D320BF066300497DDE /* CNPPopupController */,
				D98EFC5C20BDD7A200E35161 /* SpeedMeter */,
				D98EFC5B20BDD7A200E35161 /* Products */,
				C8997F3F17BEEA26D12E972F /* Pods */,
				F8FA1708D982D7FB649E3349 /* Frameworks */,
			);
			sourceTree = "<group>";
		};
		D98EFC5B20BDD7A200E35161 /* Products */ = {
			isa = PBXGroup;
			children = (
				D98EFC5A20BDD7A200E35161 /* SpeedMeter.app */,
			);
			name = Products;
			sourceTree = "<group>";
		};
		D98EFC5C20BDD7A200E35161 /* SpeedMeter */ = {
			isa = PBXGroup;
			children = (
				D9F94CBD20C1338200EC3EDC /* Resources */,
				D94084CF20BF049A00497DDE /* Controller */,
				D98EFC6F20BDD90400E35161 /* Model */,
				D98EFC7020BDD91A00E35161 /* UI */,
				D98EFC5D20BDD7A200E35161 /* AppDelegate.swift */,
				D98EFC6920BDD7A200E35161 /* Info.plist */,
			);
			path = SpeedMeter;
			sourceTree = "<group>";
		};
		D98EFC6F20BDD90400E35161 /* Model */ = {
			isa = PBXGroup;
			children = (
				D949BAC220C18A6900DA0CC9 /* SpeedManager.swift */,
			);
			path = Model;
			sourceTree = "<group>";
		};
		D98EFC7020BDD91A00E35161 /* UI */ = {
			isa = PBXGroup;
			children = (
				D98EFC6120BDD7A200E35161 /* Main.storyboard */,
				D98EFC6420BDD7A200E35161 /* Assets.xcassets */,
				D98EFC6620BDD7A200E35161 /* LaunchScreen.storyboard */,
			);
			path = UI;
			sourceTree = "<group>";
		};
		D9F94CBD20C1338200EC3EDC /* Resources */ = {
			isa = PBXGroup;
			children = (
				D9F94CBE20C1339C00EC3EDC /* PinJump.json */,
			);
			path = Resources;
			sourceTree = "<group>";
		};
		F8FA1708D982D7FB649E3349 /* Frameworks */ = {
			isa = PBXGroup;
			children = (
				BDA8FAE130078CF3859C334F /* Pods_SpeedMeter.framework */,
			);
			name = Frameworks;
			sourceTree = "<group>";
		};
/* End PBXGroup section */

/* Begin PBXNativeTarget section */
		D98EFC5920BDD7A200E35161 /* SpeedMeter */ = {
			isa = PBXNativeTarget;
			buildConfigurationList = D98EFC6C20BDD7A200E35161 /* Build configuration list for PBXNativeTarget "SpeedMeter" */;
			buildPhases = (
				81323638412D67B3880C9034 /* [CP] Check Pods Manifest.lock */,
				D98EFC5620BDD7A200E35161 /* Sources */,
				D98EFC5720BDD7A200E35161 /* Frameworks */,
				D98EFC5820BDD7A200E35161 /* Resources */,
				02B20C34DE1515D24F75E62B /* [CP] Embed Pods Frameworks */,
				7E2D364AA765D83BC9F05086 /* [CP] Copy Pods Resources */,
			);
			buildRules = (
			);
			dependencies = (
			);
			name = SpeedMeter;
			productName = SpeedMeter;
			productReference = D98EFC5A20BDD7A200E35161 /* SpeedMeter.app */;
			productType = "com.apple.product-type.application";
		};
/* End PBXNativeTarget section */

/* Begin PBXProject section */
		D98EFC5220BDD7A200E35161 /* Project object */ = {
			isa = PBXProject;
			attributes = {
				LastSwiftUpdateCheck = 0910;
				LastUpgradeCheck = 0910;
				ORGANIZATIONNAME = "Mustafa GUNES";
				TargetAttributes = {
					D98EFC5920BDD7A200E35161 = {
						CreatedOnToolsVersion = 9.1;
						LastSwiftMigration = 0910;
						ProvisioningStyle = Automatic;
					};
				};
			};
			buildConfigurationList = D98EFC5520BDD7A200E35161 /* Build configuration list for PBXProject "SpeedMeter" */;
			compatibilityVersion = "Xcode 8.0";
			developmentRegion = en;
			hasScannedForEncodings = 0;
			knownRegions = (
				en,
				Base,
			);
			mainGroup = D98EFC5120BDD7A200E35161;
			productRefGroup = D98EFC5B20BDD7A200E35161 /* Products */;
			projectDirPath = "";
			projectRoot = "";
			targets = (
				D98EFC5920BDD7A200E35161 /* SpeedMeter */,
			);
		};
/* End PBXProject section */

/* Begin PBXResourcesBuildPhase section */
		D98EFC5820BDD7A200E35161 /* Resources */ = {
			isa = PBXResourcesBuildPhase;
			buildActionMask = 2147483647;
			files = (
				D98EFC6820BDD7A200E35161 /* LaunchScreen.storyboard in Resources */,
				D98EFC6520BDD7A200E35161 /* Assets.xcassets in Resources */,
				D98EFC6320BDD7A200E35161 /* Main.storyboard in Resources */,
				D9F94CBF20C1339C00EC3EDC /* PinJump.json in Resources */,
			);
			runOnlyForDeploymentPostprocessing = 0;
		};
/* End PBXResourcesBuildPhase section */

/* Begin PBXShellScriptBuildPhase section */
		02B20C34DE1515D24F75E62B /* [CP] Embed Pods Frameworks */ = {
			isa = PBXShellScriptBuildPhase;
			buildActionMask = 2147483647;
			files = (
			);
			inputPaths = (
				"${SRCROOT}/Pods/Target Support Files/Pods-SpeedMeter/Pods-SpeedMeter-frameworks.sh",
				"${BUILT_PRODUCTS_DIR}/CNPPopupController/CNPPopupController.framework",
				"${BUILT_PRODUCTS_DIR}/LTMorphingLabel/LTMorphingLabel.framework",
				"${BUILT_PRODUCTS_DIR}/RevealingSplashView/RevealingSplashView.framework",
				"${BUILT_PRODUCTS_DIR}/lottie-ios/Lottie.framework",
			);
			name = "[CP] Embed Pods Frameworks";
			outputPaths = (
				"${TARGET_BUILD_DIR}/${FRAMEWORKS_FOLDER_PATH}/CNPPopupController.framework",
				"${TARGET_BUILD_DIR}/${FRAMEWORKS_FOLDER_PATH}/LTMorphingLabel.framework",
				"${TARGET_BUILD_DIR}/${FRAMEWORKS_FOLDER_PATH}/RevealingSplashView.framework",
				"${TARGET_BUILD_DIR}/${FRAMEWORKS_FOLDER_PATH}/Lottie.framework",
			);
			runOnlyForDeploymentPostprocessing = 0;
			shellPath = /bin/sh;
			shellScript = "\"${SRCROOT}/Pods/Target Support Files/Pods-SpeedMeter/Pods-SpeedMeter-frameworks.sh\"\n";
			showEnvVarsInLog = 0;
		};
		7E2D364AA765D83BC9F05086 /* [CP] Copy Pods Resources */ = {
			isa = PBXShellScriptBuildPhase;
			buildActionMask = 2147483647;
			files = (
			);
			inputPaths = (
			);
			name = "[CP] Copy Pods Resources";
			outputPaths = (
			);
			runOnlyForDeploymentPostprocessing = 0;
			shellPath = /bin/sh;
			shellScript = "\"${SRCROOT}/Pods/Target Support Files/Pods-SpeedMeter/Pods-SpeedMeter-resources.sh\"\n";
			showEnvVarsInLog = 0;
		};
		81323638412D67B3880C9034 /* [CP] Check Pods Manifest.lock */ = {
			isa = PBXShellScriptBuildPhase;
			buildActionMask = 2147483647;
			files = (
			);
			inputPaths = (
				"${PODS_PODFILE_DIR_PATH}/Podfile.lock",
				"${PODS_ROOT}/Manifest.lock",
			);
			name = "[CP] Check Pods Manifest.lock";
			outputPaths = (
				"$(DERIVED_FILE_DIR)/Pods-SpeedMeter-checkManifestLockResult.txt",
			);
			runOnlyForDeploymentPostprocessing = 0;
			shellPath = /bin/sh;
			shellScript = "diff \"${PODS_PODFILE_DIR_PATH}/Podfile.lock\" \"${PODS_ROOT}/Manifest.lock\" > /dev/null\nif [ $? != 0 ] ; then\n    # print error to STDERR\n    echo \"error: The sandbox is not in sync with the Podfile.lock. Run 'pod install' or update your CocoaPods installation.\" >&2\n    exit 1\nfi\n# This output is used by Xcode 'outputs' to avoid re-running this script phase.\necho \"SUCCESS\" > \"${SCRIPT_OUTPUT_FILE_0}\"\n";
			showEnvVarsInLog = 0;
		};
/* End PBXShellScriptBuildPhase section */

/* Begin PBXSourcesBuildPhase section */
		D98EFC5620BDD7A200E35161 /* Sources */ = {
			isa = PBXSourcesBuildPhase;
			buildActionMask = 2147483647;
			files = (
				D98EFC6020BDD7A200E35161 /* ViewController.swift in Sources */,
				D949BAC320C18A6900DA0CC9 /* SpeedManager.swift in Sources */,
				D98EFC5E20BDD7A200E35161 /* AppDelegate.swift in Sources */,
				D94084D720BF06BC00497DDE /* CNPPopupController.m in Sources */,
			);
			runOnlyForDeploymentPostprocessing = 0;
		};
/* End PBXSourcesBuildPhase section */

/* Begin PBXVariantGroup section */
		D98EFC6120BDD7A200E35161 /* Main.storyboard */ = {
			isa = PBXVariantGroup;
			children = (
				D98EFC6220BDD7A200E35161 /* Base */,
			);
			name = Main.storyboard;
			sourceTree = "<group>";
		};
		D98EFC6620BDD7A200E35161 /* LaunchScreen.storyboard */ = {
			isa = PBXVariantGroup;
			children = (
				D98EFC6720BDD7A200E35161 /* Base */,
			);
			name = LaunchScreen.storyboard;
			sourceTree = "<group>";
		};
/* End PBXVariantGroup section */

/* Begin XCBuildConfiguration section */
		D98EFC6A20BDD7A200E35161 /* Debug */ = {
			isa = XCBuildConfiguration;
			buildSettings = {
				ALWAYS_SEARCH_USER_PATHS = NO;
				CLANG_ANALYZER_NONNULL = YES;
				CLANG_ANALYZER_NUMBER_OBJECT_CONVERSION = YES_AGGRESSIVE;
				CLANG_CXX_LANGUAGE_STANDARD = "gnu++14";
				CLANG_CXX_LIBRARY = "libc++";
				CLANG_ENABLE_MODULES = YES;
				CLANG_ENABLE_OBJC_ARC = YES;
				CLANG_WARN_BLOCK_CAPTURE_AUTORELEASING = YES;
				CLANG_WARN_BOOL_CONVERSION = YES;
				CLANG_WARN_COMMA = YES;
				CLANG_WARN_CONSTANT_CONVERSION = YES;
				CLANG_WARN_DIRECT_OBJC_ISA_USAGE = YES_ERROR;
				CLANG_WARN_DOCUMENTATION_COMMENTS = YES;
				CLANG_WARN_EMPTY_BODY = YES;
				CLANG_WARN_ENUM_CONVERSION = YES;
				CLANG_WARN_INFINITE_RECURSION = YES;
				CLANG_WARN_INT_CONVERSION = YES;
				CLANG_WARN_NON_LITERAL_NULL_CONVERSION = YES;
				CLANG_WARN_OBJC_LITERAL_CONVERSION = YES;
				CLANG_WARN_OBJC_ROOT_CLASS = YES_ERROR;
				CLANG_WARN_RANGE_LOOP_ANALYSIS = YES;
				CLANG_WARN_STRICT_PROTOTYPES = YES;
				CLANG_WARN_SUSPICIOUS_MOVE = YES;
				CLANG_WARN_UNGUARDED_AVAILABILITY = YES_AGGRESSIVE;
				CLANG_WARN_UNREACHABLE_CODE = YES;
				CLANG_WARN__DUPLICATE_METHOD_MATCH = YES;
				CODE_SIGN_IDENTITY = "iPhone Developer";
				COPY_PHASE_STRIP = NO;
				DEBUG_INFORMATION_FORMAT = dwarf;
				ENABLE_STRICT_OBJC_MSGSEND = YES;
				ENABLE_TESTABILITY = YES;
				GCC_C_LANGUAGE_STANDARD = gnu11;
				GCC_DYNAMIC_NO_PIC = NO;
				GCC_NO_COMMON_BLOCKS = YES;
				GCC_OPTIMIZATION_LEVEL = 0;
				GCC_PREPROCESSOR_DEFINITIONS = (
					"DEBUG=1",
					"$(inherited)",
				);
				GCC_WARN_64_TO_32_BIT_CONVERSION = YES;
				GCC_WARN_ABOUT_RETURN_TYPE = YES_ERROR;
				GCC_WARN_UNDECLARED_SELECTOR = YES;
				GCC_WARN_UNINITIALIZED_AUTOS = YES_AGGRESSIVE;
				GCC_WARN_UNUSED_FUNCTION = YES;
				GCC_WARN_UNUSED_VARIABLE = YES;
				IPHONEOS_DEPLOYMENT_TARGET = 11.1;
				MTL_ENABLE_DEBUG_INFO = YES;
				ONLY_ACTIVE_ARCH = YES;
				SDKROOT = iphoneos;
				SWIFT_ACTIVE_COMPILATION_CONDITIONS = DEBUG;
				SWIFT_OPTIMIZATION_LEVEL = "-Onone";
			};
			name = Debug;
		};
		D98EFC6B20BDD7A200E35161 /* Release */ = {
			isa = XCBuildConfiguration;
			buildSettings = {
				ALWAYS_SEARCH_USER_PATHS = NO;
				CLANG_ANALYZER_NONNULL = YES;
				CLANG_ANALYZER_NUMBER_OBJECT_CONVERSION = YES_AGGRESSIVE;
				CLANG_CXX_LANGUAGE_STANDARD = "gnu++14";
				CLANG_CXX_LIBRARY = "libc++";
				CLANG_ENABLE_MODULES = YES;
				CLANG_ENABLE_OBJC_ARC = YES;
				CLANG_WARN_BLOCK_CAPTURE_AUTORELEASING = YES;
				CLANG_WARN_BOOL_CONVERSION = YES;
				CLANG_WARN_COMMA = YES;
				CLANG_WARN_CONSTANT_CONVERSION = YES;
				CLANG_WARN_DIRECT_OBJC_ISA_USAGE = YES_ERROR;
				CLANG_WARN_DOCUMENTATION_COMMENTS = YES;
				CLANG_WARN_EMPTY_BODY = YES;
				CLANG_WARN_ENUM_CONVERSION = YES;
				CLANG_WARN_INFINITE_RECURSION = YES;
				CLANG_WARN_INT_CONVERSION = YES;
				CLANG_WARN_NON_LITERAL_NULL_CONVERSION = YES;
				CLANG_WARN_OBJC_LITERAL_CONVERSION = YES;
				CLANG_WARN_OBJC_ROOT_CLASS = YES_ERROR;
				CLANG_WARN_RANGE_LOOP_ANALYSIS = YES;
				CLANG_WARN_STRICT_PROTOTYPES = YES;
				CLANG_WARN_SUSPICIOUS_MOVE = YES;
				CLANG_WARN_UNGUARDED_AVAILABILITY = YES_AGGRESSIVE;
				CLANG_WARN_UNREACHABLE_CODE = YES;
				CLANG_WARN__DUPLICATE_METHOD_MATCH = YES;
				CODE_SIGN_IDENTITY = "iPhone Developer";
				COPY_PHASE_STRIP = NO;
				DEBUG_INFORMATION_FORMAT = "dwarf-with-dsym";
				ENABLE_NS_ASSERTIONS = NO;
				ENABLE_STRICT_OBJC_MSGSEND = YES;
				GCC_C_LANGUAGE_STANDARD = gnu11;
				GCC_NO_COMMON_BLOCKS = YES;
				GCC_WARN_64_TO_32_BIT_CONVERSION = YES;
				GCC_WARN_ABOUT_RETURN_TYPE = YES_ERROR;
				GCC_WARN_UNDECLARED_SELECTOR = YES;
				GCC_WARN_UNINITIALIZED_AUTOS = YES_AGGRESSIVE;
				GCC_WARN_UNUSED_FUNCTION = YES;
				GCC_WARN_UNUSED_VARIABLE = YES;
				IPHONEOS_DEPLOYMENT_TARGET = 11.1;
				MTL_ENABLE_DEBUG_INFO = NO;
				SDKROOT = iphoneos;
				SWIFT_OPTIMIZATION_LEVEL = "-Owholemodule";
				VALIDATE_PRODUCT = YES;
			};
			name = Release;
		};
		D98EFC6D20BDD7A200E35161 /* Debug */ = {
			isa = XCBuildConfiguration;
			baseConfigurationReference = DBE8EC9BB80403FAC2CA4ECC /* Pods-SpeedMeter.debug.xcconfig */;
			buildSettings = {
				ASSETCATALOG_COMPILER_APPICON_NAME = AppIcon;
				CLANG_ENABLE_MODULES = YES;
				CODE_SIGN_STYLE = Automatic;
				DEVELOPMENT_TEAM = 8DVHX5WRRH;
				INFOPLIST_FILE = SpeedMeter/Info.plist;
				IPHONEOS_DEPLOYMENT_TARGET = 10.0;
				LD_RUNPATH_SEARCH_PATHS = "$(inherited) @executable_path/Frameworks";
				PRODUCT_BUNDLE_IDENTIFIER = com.mustafagunes.SpeedMeter;
				PRODUCT_NAME = "$(TARGET_NAME)";
				SWIFT_OBJC_BRIDGING_HEADER = "CNPPopupController/SpeedMeter-Bridging-Header.h";
				SWIFT_OPTIMIZATION_LEVEL = "-Onone";
				SWIFT_VERSION = 3.0;
				TARGETED_DEVICE_FAMILY = "1,2";
			};
			name = Debug;
		};
		D98EFC6E20BDD7A200E35161 /* Release */ = {
			isa = XCBuildConfiguration;
			baseConfigurationReference = 29F04C6C41EB4C1812321F07 /* Pods-SpeedMeter.release.xcconfig */;
			buildSettings = {
				ASSETCATALOG_COMPILER_APPICON_NAME = AppIcon;
				CLANG_ENABLE_MODULES = YES;
				CODE_SIGN_STYLE = Automatic;
				DEVELOPMENT_TEAM = 8DVHX5WRRH;
				INFOPLIST_FILE = SpeedMeter/Info.plist;
				IPHONEOS_DEPLOYMENT_TARGET = 10.0;
				LD_RUNPATH_SEARCH_PATHS = "$(inherited) @executable_path/Frameworks";
				PRODUCT_BUNDLE_IDENTIFIER = com.mustafagunes.SpeedMeter;
				PRODUCT_NAME = "$(TARGET_NAME)";
				SWIFT_OBJC_BRIDGING_HEADER = "CNPPopupController/SpeedMeter-Bridging-Header.h";
				SWIFT_VERSION = 3.0;
				TARGETED_DEVICE_FAMILY = "1,2";
			};
			name = Release;
		};
/* End XCBuildConfiguration section */

/* Begin XCConfigurationList section */
		D98EFC5520BDD7A200E35161 /* Build configuration list for PBXProject "SpeedMeter" */ = {
			isa = XCConfigurationList;
			buildConfigurations = (
				D98EFC6A20BDD7A200E35161 /* Debug */,
				D98EFC6B20BDD7A200E35161 /* Release */,
			);
			defaultConfigurationIsVisible = 0;
			defaultConfigurationName = Release;
		};
		D98EFC6C20BDD7A200E35161 /* Build configuration list for PBXNativeTarget "SpeedMeter" */ = {
			isa = XCConfigurationList;
			buildConfigurations = (
				D98EFC6D20BDD7A200E35161 /* Debug */,
				D98EFC6E20BDD7A200E35161 /* Release */,
			);
			defaultConfigurationIsVisible = 0;
			defaultConfigurationName = Release;
		};
/* End XCConfigurationList section */
	};
	rootObject = D98EFC5220BDD7A200E35161 /* Project object */;
}
